Microsoft Visual Studio Solution File, Format Version 11.00
# Visual Studio 2008

Project("{6FCBED3F-B854-9D8F-0D14-D99A34841118}") = "Space_For_Unity", "Assembly-CSharp-vs.csproj", "{B48C31F9-FB07-3EFD-0EA7-70CEC11B0AA9}"
EndProject
Project("{6FCBED3F-B854-9D8F-0D14-D99A34841118}") = "Space_For_Unity", "Assembly-CSharp-Editor-vs.csproj", "{714B6454-7AC3-2F60-D269-B9B65ACA70C5}"
EndProject
Global
	GlobalSection(SolutionConfigurationPlatforms) = preSolution
		Debug|Any CPU = Debug|Any CPU
		Release|Any CPU = Release|Any CPU
	EndGlobalSection
	GlobalSection(ProjectConfigurationPlatforms) = postSolution
		{B48C31F9-FB07-3EFD-0EA7-70CEC11B0AA9}.Debug|Any CPU.ActiveCfg = Debug|Any CPU
		{B48C31F9-FB07-3EFD-0EA7-70CEC11B0AA9}.Debug|Any CPU.Build.0 = Debug|Any CPU
		{B48C31F9-FB07-3EFD-0EA7-70CEC11B0AA9}.Release|Any CPU.ActiveCfg = Release|Any CPU
		{B48C31F9-FB07-3EFD-0EA7-70CEC11B0AA9}.Release|Any CPU.Build.0 = Release|Any CPU
		{714B6454-7AC3-2F60-D269-B9B65ACA70C5}.Debug|Any CPU.ActiveCfg = Debug|Any CPU
		{714B6454-7AC3-2F60-D269-B9B65ACA70C5}.Debug|Any CPU.Build.0 = Debug|Any CPU
		{714B6454-7AC3-2F60-D269-B9B65ACA70C5}.Release|Any CPU.ActiveCfg = Release|Any CPU
		{714B6454-7AC3-2F60-D269-B9B65ACA70C5}.Release|Any CPU.Build.0 = Release|Any CPU
	EndGlobalSection
	GlobalSection(SolutionProperties) = preSolution
		HideSolutionNode = FALSE
	EndGlobalSection
																																												GlobalSection(MonoDevelopProperties) = preSolution
		StartupItem = Assembly-CSharp.csproj
		Policies = $0
		$0.TextStylePolicy = $1
		$1.inheritsSet = null
		$1.scope = text/x-csharp
		$0.CSharpFormattingPolicy = $2
		$2.inheritsSet = Mono
		$2.inheritsScope = text/x-csharp
		$2.scope = text/x-csharp
		$0.TextStylePolicy = $3
		$3.FileWidth = 120
		$3.TabWidth = 4
		$3.EolMarker = Unix
		$3.inheritsSet = Mono
		$3.inheritsScope = text/plain
		$3.scope = text/plain
	EndGlobalSection

EndGlobal
